
Microsoft Visual Studio Solution File, Format Version 12.00
# Visual Studio Version 17
VisualStudioVersion = 17.7.34009.444
MinimumVisualStudioVersion = 10.0.40219.1
Project("{FAE04EC0-301F-11D3-BF4B-00C04F79EFBC}") = "VacancyVault", "VacancyVault\VacancyVault.csproj", "{D987701A-C64E-476E-9F88-AB6D43D89D3D}"
EndProject
Global
	GlobalSection(SolutionConfigurationPlatforms) = preSolution
		Debug|Any CPU = Debug|Any CPU
		Release|Any CPU = Release|Any CPU
	EndGlobalSection
	GlobalSection(ProjectConfigurationPlatforms) = postSolution
		{D987701A-C64E-476E-9F88-AB6D43D89D3D}.Debug|Any CPU.ActiveCfg = Debug|Any CPU
		{D987701A-C64E-476E-9F88-AB6D43D89D3D}.Debug|Any CPU.Build.0 = Debug|Any CPU
		{D987701A-C64E-476E-9F88-AB6D43D89D3D}.Release|Any CPU.ActiveCfg = Release|Any CPU
		{D987701A-C64E-476E-9F88-AB6D43D89D3D}.Release|Any CPU.Build.0 = Release|Any CPU
	EndGlobalSection
	GlobalSection(SolutionProperties) = preSolution
		HideSolutionNode = FALSE
	EndGlobalSection
	GlobalSection(ExtensibilityGlobals) = postSolution
		SolutionGuid = {B7EA9660-EA68-4101-A373-C2AD469844AB}
	EndGlobalSection
EndGlobal
